
Microsoft Visual Studio Solution File, Format Version 12.00
# Visual Studio Version 16
VisualStudioVersion = 16.0.810.16
MinimumVisualStudioVersion = 10.0.40219.1
Project("{FAE04EC0-301F-11D3-BF4B-00C04F79EFBC}") = "fizz-buzz-twist", "fizz-buzz-twist.csproj", "{F8C8D9E5-B9DA-42D1-BDE8-52F2B68B7DEF}"
EndProject
Project("{FAE04EC0-301F-11D3-BF4B-00C04F79EFBC}") = "Tests", "..\Tests\Tests.csproj", "{35D10896-828B-4389-A8EB-920C49814861}"
EndProject
Global
	GlobalSection(SolutionConfigurationPlatforms) = preSolution
		Debug|Any CPU = Debug|Any CPU
		Release|Any CPU = Release|Any CPU
	EndGlobalSection
	GlobalSection(ProjectConfigurationPlatforms) = postSolution
		{F8C8D9E5-B9DA-42D1-BDE8-52F2B68B7DEF}.Debug|Any CPU.ActiveCfg = Debug|Any CPU
		{F8C8D9E5-B9DA-42D1-BDE8-52F2B68B7DEF}.Debug|Any CPU.Build.0 = Debug|Any CPU
		{F8C8D9E5-B9DA-42D1-BDE8-52F2B68B7DEF}.Release|Any CPU.ActiveCfg = Release|Any CPU
		{F8C8D9E5-B9DA-42D1-BDE8-52F2B68B7DEF}.Release|Any CPU.Build.0 = Release|Any CPU
		{35D10896-828B-4389-A8EB-920C49814861}.Debug|Any CPU.ActiveCfg = Debug|Any CPU
		{35D10896-828B-4389-A8EB-920C49814861}.Debug|Any CPU.Build.0 = Debug|Any CPU
		{35D10896-828B-4389-A8EB-920C49814861}.Release|Any CPU.ActiveCfg = Release|Any CPU
		{35D10896-828B-4389-A8EB-920C49814861}.Release|Any CPU.Build.0 = Release|Any CPU
	EndGlobalSection
	GlobalSection(SolutionProperties) = preSolution
		HideSolutionNode = FALSE
	EndGlobalSection
	GlobalSection(ExtensibilityGlobals) = postSolution
		SolutionGuid = {711EB02E-D842-4D4A-B6B0-A6EBC51258E7}
	EndGlobalSection
EndGlobal
